
Microsoft Visual Studio Solution File, Format Version 12.00
# Visual Studio Version 17
VisualStudioVersion = 17.5.002.0
MinimumVisualStudioVersion = 10.0.40219.1
Project("{9A19103F-16F7-4668-BE54-9A1E7A4F7556}") = "Chess-Computer-Overlord", "Chess-Computer-Overlord.csproj", "{1AC28B74-8087-4A1B-AF2B-BAE33A585407}"
EndProject
Global
	GlobalSection(SolutionConfigurationPlatforms) = preSolution
		Debug|Any CPU = Debug|Any CPU
		Release|Any CPU = Release|Any CPU
	EndGlobalSection
	GlobalSection(ProjectConfigurationPlatforms) = postSolution
		{1AC28B74-8087-4A1B-AF2B-BAE33A585407}.Debug|Any CPU.ActiveCfg = Debug|Any CPU
		{1AC28B74-8087-4A1B-AF2B-BAE33A585407}.Debug|Any CPU.Build.0 = Debug|Any CPU
		{1AC28B74-8087-4A1B-AF2B-BAE33A585407}.Release|Any CPU.ActiveCfg = Release|Any CPU
		{1AC28B74-8087-4A1B-AF2B-BAE33A585407}.Release|Any CPU.Build.0 = Release|Any CPU
	EndGlobalSection
	GlobalSection(SolutionProperties) = preSolution
		HideSolutionNode = FALSE
	EndGlobalSection
	GlobalSection(ExtensibilityGlobals) = postSolution
		SolutionGuid = {1386DB5A-B0A9-45B7-82C1-C917FC7FAF47}
	EndGlobalSection
EndGlobal
